schema: '2.0'
stages:
  extract:
    cmd: python src/extract_data/extract_data.py
    deps:
    - path: config.yaml
      hash: md5
      md5: 0aef086ff6b712365e5b75fa4e4a0f16
      size: 567
    - path: src/extract_data/extract_data.py
      hash: md5
      md5: 36b27738fe27222ad59a10776556fd7a
      size: 3337
    outs:
    - path: data/raw/accidents_2023.csv
      hash: md5
      md5: c104389d012fb197fcaaa1bf4f0bb2db
      size: 37258919
  prepare:
    cmd: python src/prepare_data/prepare_data.py
    deps:
    - path: config.yaml
      hash: md5
      md5: 0aef086ff6b712365e5b75fa4e4a0f16
      size: 567
    - path: data/raw/accidents_2023.csv
      hash: md5
      md5: c104389d012fb197fcaaa1bf4f0bb2db
      size: 37258919
    - path: src/prepare_data/prepare_data.py
      hash: md5
      md5: 8326f783017ae21868a540b6646cda5e
      size: 2298
    outs:
    - path: data/processed/prepared_accidents_2023.csv
      hash: md5
      md5: 7dfecc631dca77639b453d3c5cceb6a3
      size: 133673346
  models:
    cmd: python src/train_model/train_model.py
    deps:
    - path: config.yaml
      hash: md5
      md5: 0aef086ff6b712365e5b75fa4e4a0f16
      size: 567
    - path: data/processed/prepared_accidents_2023.csv
      hash: md5
      md5: 7dfecc631dca77639b453d3c5cceb6a3
      size: 133673346
    - path: src/train_model/train_model.py
      hash: md5
      md5: d79e1ca6bdda897c2e2433bd251667d0
      size: 16847
    outs:
    - path: models/rf_model_2023.joblib
      hash: md5
      md5: f00cc3c7467834d68ea48e3bd3a0f730
      size: 274675977
