schema: '2.0'
stages:
  extract:
    cmd: python src/extract_data/extract_data.py
    deps:
    - path: config.yaml
      hash: md5
      md5: 21b697fd2f46822c5c6237ea49018227
      size: 831
    - path: src/extract_data/extract_data.py
      hash: md5
      md5: cded15028c1b2ad3acd37c8fe3d51f8d
      size: 4140
    outs:
    - path: data/raw/accidents_2023.csv
      hash: md5
      md5: b0e57af82ee49505b87f07cbc4af4304
      size: 26874584
  prepare:
    cmd: python src/prepare_data/prepare_data.py
    deps:
    - path: config.yaml
      hash: md5
      md5: 21b697fd2f46822c5c6237ea49018227
      size: 831
    - path: data/raw/accidents_2023.csv
      hash: md5
      md5: b0e57af82ee49505b87f07cbc4af4304
      size: 26874584
    - path: src/prepare_data/prepare_data.py
      hash: md5
      md5: 9c9d0ea106130b200ce52bfe751eb9b2
      size: 2585
    outs:
    - path: data/processed/prepared_accidents_2023.csv
      hash: md5
      md5: 3e3df05e74ab37c003a2fe9754aae42c
      size: 94708611
  models:
    cmd: python src/train_model/train_model.py
    deps:
    - path: config.yaml
      hash: md5
      md5: 21b697fd2f46822c5c6237ea49018227
      size: 831
    - path: data/processed/prepared_accidents_2023.csv
      hash: md5
      md5: 3e3df05e74ab37c003a2fe9754aae42c
      size: 94708611
    - path: src/train_model/train_model.py
      hash: md5
      md5: 06431c551e99072b82b3846a446cfb46
      size: 18315
    outs:
    - path: models/best_model_2023.joblib
      hash: md5
      md5: 45de20cd04346cbfbc50bc57e69596f5
      size: 7476889
    - path: models/rf_model_2023.joblib
      hash: md5
      md5: 9be33c379959509c7e850cd6860476b0
      size: 2554169
